
Microsoft Visual Studio Solution File, Format Version 12.00
# Visual Studio Version 17
VisualStudioVersion = 17.2.32616.157
MinimumVisualStudioVersion = 10.0.40219.1
Project("{FAE04EC0-301F-11D3-BF4B-00C04F79EFBC}") = "MQuoteApp", "MQuoteApp\MQuoteApp.csproj", "{ED4E99AA-B031-496A-8EC8-5EDF51D3945E}"
EndProject
Global
	GlobalSection(SolutionConfigurationPlatforms) = preSolution
		Debug|Any CPU = Debug|Any CPU
		Release|Any CPU = Release|Any CPU
	EndGlobalSection
	GlobalSection(ProjectConfigurationPlatforms) = postSolution
		{ED4E99AA-B031-496A-8EC8-5EDF51D3945E}.Debug|Any CPU.ActiveCfg = Debug|Any CPU
		{ED4E99AA-B031-496A-8EC8-5EDF51D3945E}.Debug|Any CPU.Build.0 = Debug|Any CPU
		{ED4E99AA-B031-496A-8EC8-5EDF51D3945E}.Release|Any CPU.ActiveCfg = Release|Any CPU
		{ED4E99AA-B031-496A-8EC8-5EDF51D3945E}.Release|Any CPU.Build.0 = Release|Any CPU
	EndGlobalSection
	GlobalSection(SolutionProperties) = preSolution
		HideSolutionNode = FALSE
	EndGlobalSection
	GlobalSection(ExtensibilityGlobals) = postSolution
		SolutionGuid = {726B8747-BBBD-420F-97C9-CAB1093C9908}
	EndGlobalSection
EndGlobal
